
Microsoft Visual Studio Solution File, Format Version 12.00
# Visual Studio Version 16
VisualStudioVersion = 16.0.29424.173
MinimumVisualStudioVersion = 10.0.40219.1
Project("{9A19103F-16F7-4668-BE54-9A1E7A4F7556}") = "MarsRobotsProblem", "MarsRobotsProblem\MarsRobotsProblem.csproj", "{D9F70F78-24DF-4AE2-9C92-DA0042C65A74}"
EndProject
Project("{FAE04EC0-301F-11D3-BF4B-00C04F79EFBC}") = "MarsRobotsProblem.Tests", "MarsRobotsProblem.Tests\MarsRobotsProblem.Tests.csproj", "{A3137322-05F8-4AEF-8DB4-5559912CCBF8}"
EndProject
Global
	GlobalSection(SolutionConfigurationPlatforms) = preSolution
		Debug|Any CPU = Debug|Any CPU
		Release|Any CPU = Release|Any CPU
	EndGlobalSection
	GlobalSection(ProjectConfigurationPlatforms) = postSolution
		{D9F70F78-24DF-4AE2-9C92-DA0042C65A74}.Debug|Any CPU.ActiveCfg = Debug|Any CPU
		{D9F70F78-24DF-4AE2-9C92-DA0042C65A74}.Debug|Any CPU.Build.0 = Debug|Any CPU
		{D9F70F78-24DF-4AE2-9C92-DA0042C65A74}.Release|Any CPU.ActiveCfg = Release|Any CPU
		{D9F70F78-24DF-4AE2-9C92-DA0042C65A74}.Release|Any CPU.Build.0 = Release|Any CPU
		{A3137322-05F8-4AEF-8DB4-5559912CCBF8}.Debug|Any CPU.ActiveCfg = Debug|Any CPU
		{A3137322-05F8-4AEF-8DB4-5559912CCBF8}.Debug|Any CPU.Build.0 = Debug|Any CPU
		{A3137322-05F8-4AEF-8DB4-5559912CCBF8}.Release|Any CPU.ActiveCfg = Release|Any CPU
		{A3137322-05F8-4AEF-8DB4-5559912CCBF8}.Release|Any CPU.Build.0 = Release|Any CPU
	EndGlobalSection
	GlobalSection(SolutionProperties) = preSolution
		HideSolutionNode = FALSE
	EndGlobalSection
	GlobalSection(ExtensibilityGlobals) = postSolution
		SolutionGuid = {9C396EC3-7540-4FDD-8C8F-E689ABEEAC4B}
	EndGlobalSection
EndGlobal
